
Microsoft Visual Studio Solution File, Format Version 12.00
# Visual Studio Version 17
VisualStudioVersion = 17.7.34221.43
MinimumVisualStudioVersion = 10.0.40219.1
Project("{8BC9CEB8-8B4A-11D0-8D11-00A0C91BC942}") = "fibonacci_rec_cpp", "fibonacci_rec_cpp\fibonacci_rec_cpp.vcxproj", "{EAEEC59F-6FEE-484C-BC6B-13BD21798469}"
EndProject
Global
	GlobalSection(SolutionConfigurationPlatforms) = preSolution
		Debug|x64 = Debug|x64
		Debug|x86 = Debug|x86
		Release|x64 = Release|x64
		Release|x86 = Release|x86
	EndGlobalSection
	GlobalSection(ProjectConfigurationPlatforms) = postSolution
		{EAEEC59F-6FEE-484C-BC6B-13BD21798469}.Debug|x64.ActiveCfg = Debug|x64
		{EAEEC59F-6FEE-484C-BC6B-13BD21798469}.Debug|x64.Build.0 = Debug|x64
		{EAEEC59F-6FEE-484C-BC6B-13BD21798469}.Debug|x86.ActiveCfg = Debug|Win32
		{EAEEC59F-6FEE-484C-BC6B-13BD21798469}.Debug|x86.Build.0 = Debug|Win32
		{EAEEC59F-6FEE-484C-BC6B-13BD21798469}.Release|x64.ActiveCfg = Release|x64
		{EAEEC59F-6FEE-484C-BC6B-13BD21798469}.Release|x64.Build.0 = Release|x64
		{EAEEC59F-6FEE-484C-BC6B-13BD21798469}.Release|x86.ActiveCfg = Release|Win32
		{EAEEC59F-6FEE-484C-BC6B-13BD21798469}.Release|x86.Build.0 = Release|Win32
	EndGlobalSection
	GlobalSection(SolutionProperties) = preSolution
		HideSolutionNode = FALSE
	EndGlobalSection
	GlobalSection(ExtensibilityGlobals) = postSolution
		SolutionGuid = {27958468-9DAB-4A99-941B-2B684D4936B2}
	EndGlobalSection
EndGlobal
